
Microsoft Visual Studio Solution File, Format Version 12.00
# Visual Studio Version 17
VisualStudioVersion = 17.9.34728.123
MinimumVisualStudioVersion = 10.0.40219.1
Project("{2150E333-8FDC-42A3-9474-1A3956D46DE8}") = "Solution Items", "Solution Items", "{A15D1411-304D-4B22-BEAD-161D425A8AE7}"
	ProjectSection(SolutionItems) = preProject
		.editorconfig = .editorconfig
	EndProjectSection
EndProject
Project("{2150E333-8FDC-42A3-9474-1A3956D46DE8}") = "src", "src", "{514D6FB0-56CF-448A-BF4A-444752EBAD88}"
EndProject
Project("{9A19103F-16F7-4668-BE54-9A1E7A4F7556}") = "Florio.Parsers.Gutenberg", "src\Florio.Parsers.Gutenberg\Florio.Parsers.Gutenberg.csproj", "{E62A273B-4321-4361-8402-E66F2D71369F}"
EndProject
Project("{9A19103F-16F7-4668-BE54-9A1E7A4F7556}") = "Florio.VectorEmbeddings", "src\Florio.VectorEmbeddings\Florio.VectorEmbeddings.csproj", "{69AADCFE-63D2-4EC9-9D29-BC2BA0155B81}"
EndProject
Project("{9A19103F-16F7-4668-BE54-9A1E7A4F7556}") = "Florio.AppHost", "src\Florio.AppHost\Florio.AppHost.csproj", "{AC7AAB83-128C-4001-93D1-6EFB78B47C1E}"
EndProject
Project("{9A19103F-16F7-4668-BE54-9A1E7A4F7556}") = "Florio.Data", "src\Florio.Data\Florio.Data.csproj", "{8E13FB01-6D8F-4111-8FCC-A056071E09D6}"
EndProject
Project("{9A19103F-16F7-4668-BE54-9A1E7A4F7556}") = "Florio.ServiceDefaults", "src\Florio.ServiceDefaults\Florio.ServiceDefaults.csproj", "{4EC822E4-005D-4D2D-9DDE-2B0C3E16C38F}"
EndProject
Project("{9A19103F-16F7-4668-BE54-9A1E7A4F7556}") = "Florio.VectorEmbeddings.SKInMemory", "src\Florio.VectorEmbeddings.SKInMemory\Florio.VectorEmbeddings.SKInMemory.csproj", "{C452979E-B672-4636-AA15-D3AB8C49ABF6}"
EndProject
Project("{9A19103F-16F7-4668-BE54-9A1E7A4F7556}") = "Florio.VectorEmbeddings.Qdrant", "src\Florio.VectorEmbeddings.Qdrant\Florio.VectorEmbeddings.Qdrant.csproj", "{6C462A65-B72E-499F-BA2C-A9A0EC3B1220}"
EndProject
Project("{9A19103F-16F7-4668-BE54-9A1E7A4F7556}") = "Florio.WebApp", "src\Florio.WebApp\Florio.WebApp.csproj", "{9F578A45-0C9A-4D13-9F3B-63AE8D7C3796}"
EndProject
Project("{2150E333-8FDC-42A3-9474-1A3956D46DE8}") = "exporters", "exporters", "{3EB1649C-5A92-41AD-A5B3-361134CF09D2}"
EndProject
Project("{9A19103F-16F7-4668-BE54-9A1E7A4F7556}") = "Florio.Exporters.Excel", "src\Florio.Exporters.Excel\Florio.Exporters.Excel.csproj", "{FF44F518-8666-4A95-8376-94D003A84C68}"
EndProject
Project("{2150E333-8FDC-42A3-9474-1A3956D46DE8}") = "utility apps", "utility apps", "{18DFC3F3-FF58-46A2-A9A5-1DAA7E1CC500}"
EndProject
Project("{9A19103F-16F7-4668-BE54-9A1E7A4F7556}") = "Florio.Utilities.ConsoleTest", "src\Florio.Utilities.ConsoleTest\Florio.Utilities.ConsoleTest.csproj", "{D84F62A3-9B4A-4D2F-898A-82557707ED09}"
EndProject
Project("{9A19103F-16F7-4668-BE54-9A1E7A4F7556}") = "Florio.Utilities.BenchmarkTrials", "src\Florio.Utilities.BenchmarkTrials\Florio.Utilities.BenchmarkTrials.csproj", "{F861A305-3FF5-4E3D-BC6F-8F91306DF4E1}"
EndProject
Project("{9A19103F-16F7-4668-BE54-9A1E7A4F7556}") = "Florio.Utilities.VectorTesting", "src\Florio.Utilities.VectorTesting\Florio.Utilities.VectorTesting.csproj", "{4F38B85A-968B-4360-B089-602B1EF0D1D3}"
EndProject
Project("{2150E333-8FDC-42A3-9474-1A3956D46DE8}") = "test", "test", "{303993C7-E22F-4DBC-8EDC-A96B7CD28436}"
EndProject
Project("{9A19103F-16F7-4668-BE54-9A1E7A4F7556}") = "Florio.Parsers.Gutenberg.Tests", "test\Florio.Parsers.Gutenberg.Tests\Florio.Parsers.Gutenberg.Tests.csproj", "{AA1D5AC5-6006-4599-897D-3BF73E436435}"
EndProject
Project("{FAE04EC0-301F-11D3-BF4B-00C04F79EFBC}") = "Florio.Exporters.Onnx", "src\Florio.Exporters.Onnx\Florio.Exporters.Onnx.csproj", "{6FFF0965-26F5-4B5C-AF37-2E2AAC1DC2F9}"
EndProject
Global
	GlobalSection(SolutionConfigurationPlatforms) = preSolution
		Debug|Any CPU = Debug|Any CPU
		Release|Any CPU = Release|Any CPU
	EndGlobalSection
	GlobalSection(ProjectConfigurationPlatforms) = postSolution
		{E62A273B-4321-4361-8402-E66F2D71369F}.Debug|Any CPU.ActiveCfg = Debug|Any CPU
		{E62A273B-4321-4361-8402-E66F2D71369F}.Debug|Any CPU.Build.0 = Debug|Any CPU
		{E62A273B-4321-4361-8402-E66F2D71369F}.Release|Any CPU.ActiveCfg = Release|Any CPU
		{E62A273B-4321-4361-8402-E66F2D71369F}.Release|Any CPU.Build.0 = Release|Any CPU
		{69AADCFE-63D2-4EC9-9D29-BC2BA0155B81}.Debug|Any CPU.ActiveCfg = Debug|Any CPU
		{69AADCFE-63D2-4EC9-9D29-BC2BA0155B81}.Debug|Any CPU.Build.0 = Debug|Any CPU
		{69AADCFE-63D2-4EC9-9D29-BC2BA0155B81}.Release|Any CPU.ActiveCfg = Release|Any CPU
		{69AADCFE-63D2-4EC9-9D29-BC2BA0155B81}.Release|Any CPU.Build.0 = Release|Any CPU
		{AC7AAB83-128C-4001-93D1-6EFB78B47C1E}.Debug|Any CPU.ActiveCfg = Debug|Any CPU
		{AC7AAB83-128C-4001-93D1-6EFB78B47C1E}.Debug|Any CPU.Build.0 = Debug|Any CPU
		{AC7AAB83-128C-4001-93D1-6EFB78B47C1E}.Release|Any CPU.ActiveCfg = Release|Any CPU
		{AC7AAB83-128C-4001-93D1-6EFB78B47C1E}.Release|Any CPU.Build.0 = Release|Any CPU
		{8E13FB01-6D8F-4111-8FCC-A056071E09D6}.Debug|Any CPU.ActiveCfg = Debug|Any CPU
		{8E13FB01-6D8F-4111-8FCC-A056071E09D6}.Debug|Any CPU.Build.0 = Debug|Any CPU
		{8E13FB01-6D8F-4111-8FCC-A056071E09D6}.Release|Any CPU.ActiveCfg = Release|Any CPU
		{8E13FB01-6D8F-4111-8FCC-A056071E09D6}.Release|Any CPU.Build.0 = Release|Any CPU
		{4EC822E4-005D-4D2D-9DDE-2B0C3E16C38F}.Debug|Any CPU.ActiveCfg = Debug|Any CPU
		{4EC822E4-005D-4D2D-9DDE-2B0C3E16C38F}.Debug|Any CPU.Build.0 = Debug|Any CPU
		{4EC822E4-005D-4D2D-9DDE-2B0C3E16C38F}.Release|Any CPU.ActiveCfg = Release|Any CPU
		{4EC822E4-005D-4D2D-9DDE-2B0C3E16C38F}.Release|Any CPU.Build.0 = Release|Any CPU
		{C452979E-B672-4636-AA15-D3AB8C49ABF6}.Debug|Any CPU.ActiveCfg = Debug|Any CPU
		{C452979E-B672-4636-AA15-D3AB8C49ABF6}.Debug|Any CPU.Build.0 = Debug|Any CPU
		{C452979E-B672-4636-AA15-D3AB8C49ABF6}.Release|Any CPU.ActiveCfg = Release|Any CPU
		{C452979E-B672-4636-AA15-D3AB8C49ABF6}.Release|Any CPU.Build.0 = Release|Any CPU
		{6C462A65-B72E-499F-BA2C-A9A0EC3B1220}.Debug|Any CPU.ActiveCfg = Debug|Any CPU
		{6C462A65-B72E-499F-BA2C-A9A0EC3B1220}.Debug|Any CPU.Build.0 = Debug|Any CPU
		{6C462A65-B72E-499F-BA2C-A9A0EC3B1220}.Release|Any CPU.ActiveCfg = Release|Any CPU
		{6C462A65-B72E-499F-BA2C-A9A0EC3B1220}.Release|Any CPU.Build.0 = Release|Any CPU
		{9F578A45-0C9A-4D13-9F3B-63AE8D7C3796}.Debug|Any CPU.ActiveCfg = Debug|Any CPU
		{9F578A45-0C9A-4D13-9F3B-63AE8D7C3796}.Debug|Any CPU.Build.0 = Debug|Any CPU
		{9F578A45-0C9A-4D13-9F3B-63AE8D7C3796}.Release|Any CPU.ActiveCfg = Release|Any CPU
		{9F578A45-0C9A-4D13-9F3B-63AE8D7C3796}.Release|Any CPU.Build.0 = Release|Any CPU
		{FF44F518-8666-4A95-8376-94D003A84C68}.Debug|Any CPU.ActiveCfg = Debug|Any CPU
		{FF44F518-8666-4A95-8376-94D003A84C68}.Debug|Any CPU.Build.0 = Debug|Any CPU
		{FF44F518-8666-4A95-8376-94D003A84C68}.Release|Any CPU.ActiveCfg = Release|Any CPU
		{FF44F518-8666-4A95-8376-94D003A84C68}.Release|Any CPU.Build.0 = Release|Any CPU
		{D84F62A3-9B4A-4D2F-898A-82557707ED09}.Debug|Any CPU.ActiveCfg = Debug|Any CPU
		{D84F62A3-9B4A-4D2F-898A-82557707ED09}.Debug|Any CPU.Build.0 = Debug|Any CPU
		{D84F62A3-9B4A-4D2F-898A-82557707ED09}.Release|Any CPU.ActiveCfg = Release|Any CPU
		{D84F62A3-9B4A-4D2F-898A-82557707ED09}.Release|Any CPU.Build.0 = Release|Any CPU
		{F861A305-3FF5-4E3D-BC6F-8F91306DF4E1}.Debug|Any CPU.ActiveCfg = Debug|Any CPU
		{F861A305-3FF5-4E3D-BC6F-8F91306DF4E1}.Debug|Any CPU.Build.0 = Debug|Any CPU
		{F861A305-3FF5-4E3D-BC6F-8F91306DF4E1}.Release|Any CPU.ActiveCfg = Release|Any CPU
		{F861A305-3FF5-4E3D-BC6F-8F91306DF4E1}.Release|Any CPU.Build.0 = Release|Any CPU
		{4F38B85A-968B-4360-B089-602B1EF0D1D3}.Debug|Any CPU.ActiveCfg = Debug|Any CPU
		{4F38B85A-968B-4360-B089-602B1EF0D1D3}.Debug|Any CPU.Build.0 = Debug|Any CPU
		{4F38B85A-968B-4360-B089-602B1EF0D1D3}.Release|Any CPU.ActiveCfg = Release|Any CPU
		{4F38B85A-968B-4360-B089-602B1EF0D1D3}.Release|Any CPU.Build.0 = Release|Any CPU
		{AA1D5AC5-6006-4599-897D-3BF73E436435}.Debug|Any CPU.ActiveCfg = Debug|Any CPU
		{AA1D5AC5-6006-4599-897D-3BF73E436435}.Debug|Any CPU.Build.0 = Debug|Any CPU
		{AA1D5AC5-6006-4599-897D-3BF73E436435}.Release|Any CPU.ActiveCfg = Release|Any CPU
		{AA1D5AC5-6006-4599-897D-3BF73E436435}.Release|Any CPU.Build.0 = Release|Any CPU
		{6FFF0965-26F5-4B5C-AF37-2E2AAC1DC2F9}.Debug|Any CPU.ActiveCfg = Debug|Any CPU
		{6FFF0965-26F5-4B5C-AF37-2E2AAC1DC2F9}.Debug|Any CPU.Build.0 = Debug|Any CPU
		{6FFF0965-26F5-4B5C-AF37-2E2AAC1DC2F9}.Release|Any CPU.ActiveCfg = Release|Any CPU
		{6FFF0965-26F5-4B5C-AF37-2E2AAC1DC2F9}.Release|Any CPU.Build.0 = Release|Any CPU
	EndGlobalSection
	GlobalSection(SolutionProperties) = preSolution
		HideSolutionNode = FALSE
	EndGlobalSection
	GlobalSection(NestedProjects) = preSolution
		{E62A273B-4321-4361-8402-E66F2D71369F} = {514D6FB0-56CF-448A-BF4A-444752EBAD88}
		{69AADCFE-63D2-4EC9-9D29-BC2BA0155B81} = {514D6FB0-56CF-448A-BF4A-444752EBAD88}
		{AC7AAB83-128C-4001-93D1-6EFB78B47C1E} = {514D6FB0-56CF-448A-BF4A-444752EBAD88}
		{8E13FB01-6D8F-4111-8FCC-A056071E09D6} = {514D6FB0-56CF-448A-BF4A-444752EBAD88}
		{4EC822E4-005D-4D2D-9DDE-2B0C3E16C38F} = {514D6FB0-56CF-448A-BF4A-444752EBAD88}
		{C452979E-B672-4636-AA15-D3AB8C49ABF6} = {514D6FB0-56CF-448A-BF4A-444752EBAD88}
		{6C462A65-B72E-499F-BA2C-A9A0EC3B1220} = {514D6FB0-56CF-448A-BF4A-444752EBAD88}
		{9F578A45-0C9A-4D13-9F3B-63AE8D7C3796} = {514D6FB0-56CF-448A-BF4A-444752EBAD88}
		{3EB1649C-5A92-41AD-A5B3-361134CF09D2} = {514D6FB0-56CF-448A-BF4A-444752EBAD88}
		{FF44F518-8666-4A95-8376-94D003A84C68} = {3EB1649C-5A92-41AD-A5B3-361134CF09D2}
		{18DFC3F3-FF58-46A2-A9A5-1DAA7E1CC500} = {514D6FB0-56CF-448A-BF4A-444752EBAD88}
		{D84F62A3-9B4A-4D2F-898A-82557707ED09} = {18DFC3F3-FF58-46A2-A9A5-1DAA7E1CC500}
		{F861A305-3FF5-4E3D-BC6F-8F91306DF4E1} = {18DFC3F3-FF58-46A2-A9A5-1DAA7E1CC500}
		{4F38B85A-968B-4360-B089-602B1EF0D1D3} = {18DFC3F3-FF58-46A2-A9A5-1DAA7E1CC500}
		{AA1D5AC5-6006-4599-897D-3BF73E436435} = {303993C7-E22F-4DBC-8EDC-A96B7CD28436}
		{6FFF0965-26F5-4B5C-AF37-2E2AAC1DC2F9} = {3EB1649C-5A92-41AD-A5B3-361134CF09D2}
	EndGlobalSection
	GlobalSection(ExtensibilityGlobals) = postSolution
		SolutionGuid = {18A79437-1DF3-4192-9D0A-00DE9CD65D93}
	EndGlobalSection
EndGlobal
